
Microsoft Visual Studio Solution File, Format Version 12.00
Project("{FAE04EC0-301F-11D3-BF4B-00C04F79EFBC}") = "FizzBuzz", "FizzBuzz\FizzBuzz.csproj", "{19A5E1BA-3564-4F9F-BFB2-78C19E02947A}"
EndProject
Global
	GlobalSection(SolutionConfigurationPlatforms) = preSolution
		Debug|Any CPU = Debug|Any CPU
		Release|Any CPU = Release|Any CPU
	EndGlobalSection
	GlobalSection(ProjectConfigurationPlatforms) = postSolution
		{19A5E1BA-3564-4F9F-BFB2-78C19E02947A}.Debug|Any CPU.ActiveCfg = Debug|Any CPU
		{19A5E1BA-3564-4F9F-BFB2-78C19E02947A}.Debug|Any CPU.Build.0 = Debug|Any CPU
		{19A5E1BA-3564-4F9F-BFB2-78C19E02947A}.Release|Any CPU.ActiveCfg = Release|Any CPU
		{19A5E1BA-3564-4F9F-BFB2-78C19E02947A}.Release|Any CPU.Build.0 = Release|Any CPU
	EndGlobalSection
EndGlobal
